<Solution>
  <Folder Name="/src/">
    <Project Path="src/Cli/Cli.csproj" />
    <Project Path="src/Core/Core.csproj" />
    <Project Path="src/Infrastructure/Infrastructure.csproj" />
  </Folder>
  <Folder Name="/tests/">
    <Project Path="tests/Ssf2Weasel.IntegrationTests/Ssf2Weasel.IntegrationTests.csproj" />
    <Project Path="tests/Ssf2Weasel.TestSupport/Ssf2Weasel.TestSupport.csproj" />
    <Project Path="tests/Ssf2Weasel.UnitTests/Ssf2Weasel.UnitTests.csproj" />
  </Folder>
</Solution>
